
Microsoft Visual Studio Solution File, Format Version 12.00
# Visual Studio Version 17
VisualStudioVersion = 17.13.35919.96 d17.13
MinimumVisualStudioVersion = 10.0.40219.1
Project("{FAE04EC0-301F-11D3-BF4B-00C04F79EFBC}") = "DesktopSticker", "DesktopSticker\DesktopSticker.csproj", "{1CA3DAA8-AD4F-4114-8973-C89C5E4F6056}"
EndProject
Global
	GlobalSection(SolutionConfigurationPlatforms) = preSolution
		Debug|Any CPU = Debug|Any CPU
		Release|Any CPU = Release|Any CPU
	EndGlobalSection
	GlobalSection(ProjectConfigurationPlatforms) = postSolution
		{1CA3DAA8-AD4F-4114-8973-C89C5E4F6056}.Debug|Any CPU.ActiveCfg = Debug|Any CPU
		{1CA3DAA8-AD4F-4114-8973-C89C5E4F6056}.Debug|Any CPU.Build.0 = Debug|Any CPU
		{1CA3DAA8-AD4F-4114-8973-C89C5E4F6056}.Release|Any CPU.ActiveCfg = Release|Any CPU
		{1CA3DAA8-AD4F-4114-8973-C89C5E4F6056}.Release|Any CPU.Build.0 = Release|Any CPU
	EndGlobalSection
	GlobalSection(SolutionProperties) = preSolution
		HideSolutionNode = FALSE
	EndGlobalSection
	GlobalSection(ExtensibilityGlobals) = postSolution
		SolutionGuid = {E7353240-5219-43F3-9598-E15070BE0AA8}
	EndGlobalSection
EndGlobal
